
Microsoft Visual Studio Solution File, Format Version 12.00
# Visual Studio Version 17
VisualStudioVersion = 17.0.32112.339
MinimumVisualStudioVersion = 10.0.40219.1
Project("{FAE04EC0-301F-11D3-BF4B-00C04F79EFBC}") = "DarkAndDarker", "DarkAndDarker\DarkAndDarker.csproj", "{02B7FFE1-FA59-4C14-BA10-85463A0D754C}"
EndProject
Global
	GlobalSection(SolutionConfigurationPlatforms) = preSolution
		Debug|Any CPU = Debug|Any CPU
		Release|Any CPU = Release|Any CPU
	EndGlobalSection
	GlobalSection(ProjectConfigurationPlatforms) = postSolution
		{02B7FFE1-FA59-4C14-BA10-85463A0D754C}.Debug|Any CPU.ActiveCfg = Debug|Any CPU
		{02B7FFE1-FA59-4C14-BA10-85463A0D754C}.Debug|Any CPU.Build.0 = Debug|Any CPU
		{02B7FFE1-FA59-4C14-BA10-85463A0D754C}.Release|Any CPU.ActiveCfg = Release|Any CPU
		{02B7FFE1-FA59-4C14-BA10-85463A0D754C}.Release|Any CPU.Build.0 = Release|Any CPU
	EndGlobalSection
	GlobalSection(SolutionProperties) = preSolution
		HideSolutionNode = FALSE
	EndGlobalSection
	GlobalSection(ExtensibilityGlobals) = postSolution
		SolutionGuid = {8DAB173D-B3F5-4D3C-BB03-883D59280645}
	EndGlobalSection
EndGlobal
